// !$*UTF8*$!
{
	archiveVersion = 1;
	classes = {
	};
	objectVersion = 56;
	objects = {

/* Begin PBXBuildFile section */
		721426E229EE253100EFBBCF /* GardenModel.swift in Sources */ = {isa = PBXBuildFile; fileRef = 721426E129EE253100EFBBCF /* GardenModel.swift */; };
		7258D0C429EB3D7F00D52487 /* PlantViewModel.swift in Sources */ = {isa = PBXBuildFile; fileRef = 7258D0C329EB3D7F00D52487 /* PlantViewModel.swift */; };
		7258D0C629EB3DAA00D52487 /* PlantDetail.swift in Sources */ = {isa = PBXBuildFile; fileRef = 7258D0C529EB3DAA00D52487 /* PlantDetail.swift */; };
		7258D0C929EB4BA900D52487 /* FirebaseAuth in Frameworks */ = {isa = PBXBuildFile; productRef = 7258D0C829EB4BA900D52487 /* FirebaseAuth */; };
		7258D0CB29EB4C0F00D52487 /* FirebaseStorage in Frameworks */ = {isa = PBXBuildFile; productRef = 7258D0CA29EB4C0F00D52487 /* FirebaseStorage */; };
		728AE32429ECDE0E00AE5D18 /* AsyncImageView.swift in Sources */ = {isa = PBXBuildFile; fileRef = 728AE32329ECDE0E00AE5D18 /* AsyncImageView.swift */; };
		72AB9F2229E8A6740016AB44 /* SprouterApp.swift in Sources */ = {isa = PBXBuildFile; fileRef = 72AB9F2129E8A6740016AB44 /* SprouterApp.swift */; };
		72AB9F2429E8A6740016AB44 /* ContentView.swift in Sources */ = {isa = PBXBuildFile; fileRef = 72AB9F2329E8A6740016AB44 /* ContentView.swift */; };
		72AB9F2629E8A6990016AB44 /* Assets.xcassets in Resources */ = {isa = PBXBuildFile; fileRef = 72AB9F2529E8A6990016AB44 /* Assets.xcassets */; };
		72AB9F2929E8A6990016AB44 /* Preview Assets.xcassets in Resources */ = {isa = PBXBuildFile; fileRef = 72AB9F2829E8A6990016AB44 /* Preview Assets.xcassets */; };
		72AB9F3029E8AA7B0016AB44 /* GoogleService-Info.plist in Resources */ = {isa = PBXBuildFile; fileRef = 72AB9F2F29E8AA7A0016AB44 /* GoogleService-Info.plist */; };
		72AB9F3329E8AB1F0016AB44 /* FirebaseAnalyticsWithoutAdIdSupport in Frameworks */ = {isa = PBXBuildFile; productRef = 72AB9F3229E8AB1F0016AB44 /* FirebaseAnalyticsWithoutAdIdSupport */; };
		72AB9F3529E8AB1F0016AB44 /* FirebaseFirestore in Frameworks */ = {isa = PBXBuildFile; productRef = 72AB9F3429E8AB1F0016AB44 /* FirebaseFirestore */; };
		72AB9F3729E8AB1F0016AB44 /* FirebaseFirestoreSwift in Frameworks */ = {isa = PBXBuildFile; productRef = 72AB9F3629E8AB1F0016AB44 /* FirebaseFirestoreSwift */; };
		72EDC3FC29EB168D00A46256 /* PlantModel.swift in Sources */ = {isa = PBXBuildFile; fileRef = 72EDC3FB29EB168D00A46256 /* PlantModel.swift */; };
/* End PBXBuildFile section */

/* Begin PBXFileReference section */
		721426E129EE253100EFBBCF /* GardenModel.swift */ = {isa = PBXFileReference; lastKnownFileType = sourcecode.swift; path = GardenModel.swift; sourceTree = "<group>"; };
		7258D0C329EB3D7F00D52487 /* PlantViewModel.swift */ = {isa = PBXFileReference; lastKnownFileType = sourcecode.swift; path = PlantViewModel.swift; sourceTree = "<group>"; };
		7258D0C529EB3DAA00D52487 /* PlantDetail.swift */ = {isa = PBXFileReference; lastKnownFileType = sourcecode.swift; path = PlantDetail.swift; sourceTree = "<group>"; };
		728AE32329ECDE0E00AE5D18 /* AsyncImageView.swift */ = {isa = PBXFileReference; lastKnownFileType = sourcecode.swift; path = AsyncImageView.swift; sourceTree = "<group>"; };
		72AB9F1E29E8A6740016AB44 /* Sprouter.app */ = {isa = PBXFileReference; explicitFileType = wrapper.application; includeInIndex = 0; path = Sprouter.app; sourceTree = BUILT_PRODUCTS_DIR; };
		72AB9F2129E8A6740016AB44 /* SprouterApp.swift */ = {isa = PBXFileReference; lastKnownFileType = sourcecode.swift; path = SprouterApp.swift; sourceTree = "<group>"; };
		72AB9F2329E8A6740016AB44 /* ContentView.swift */ = {isa = PBXFileReference; lastKnownFileType = sourcecode.swift; path = ContentView.swift; sourceTree = "<group>"; };
		72AB9F2529E8A6990016AB44 /* Assets.xcassets */ = {isa = PBXFileReference; lastKnownFileType = folder.assetcatalog; path = Assets.xcassets; sourceTree = "<group>"; };
		72AB9F2829E8A6990016AB44 /* Preview Assets.xcassets */ = {isa = PBXFileReference; lastKnownFileType = folder.assetcatalog; path = "Preview Assets.xcassets"; sourceTree = "<group>"; };
		72AB9F2F29E8AA7A0016AB44 /* GoogleService-Info.plist */ = {isa = PBXFileReference; fileEncoding = 4; lastKnownFileType = text.plist.xml; name = "GoogleService-Info.plist"; path = "../../../Downloads/GoogleService-Info.plist"; sourceTree = "<group>"; };
		72EDC3FB29EB168D00A46256 /* PlantModel.swift */ = {isa = PBXFileReference; lastKnownFileType = sourcecode.swift; path = PlantModel.swift; sourceTree = "<group>"; };
/* End PBXFileReference section */

/* Begin PBXFrameworksBuildPhase section */
		72AB9F1B29E8A6740016AB44 /* Frameworks */ = {
			isa = PBXFrameworksBuildPhase;
			buildActionMask = 2147483647;
			files = (
				72AB9F3329E8AB1F0016AB44 /* FirebaseAnalyticsWithoutAdIdSupport in Frameworks */,
				72AB9F3529E8AB1F0016AB44 /* FirebaseFirestore in Frameworks */,
				72AB9F3729E8AB1F0016AB44 /* FirebaseFirestoreSwift in Frameworks */,
				7258D0CB29EB4C0F00D52487 /* FirebaseStorage in Frameworks */,
				7258D0C929EB4BA900D52487 /* FirebaseAuth in Frameworks */,
			);
			runOnlyForDeploymentPostprocessing = 0;
		};
/* End PBXFrameworksBuildPhase section */

/* Begin PBXGroup section */
		7258D0C729EB4BA900D52487 /* Frameworks */ = {
			isa = PBXGroup;
			children = (
			);
			name = Frameworks;
			sourceTree = "<group>";
		};
		728AE32029ECDDC200AE5D18 /* Views */ = {
			isa = PBXGroup;
			children = (
				72AB9F2329E8A6740016AB44 /* ContentView.swift */,
				728AE32329ECDE0E00AE5D18 /* AsyncImageView.swift */,
			);
			path = Views;
			sourceTree = "<group>";
		};
		728AE32129ECDDDC00AE5D18 /* Models */ = {
			isa = PBXGroup;
			children = (
				72EDC3FB29EB168D00A46256 /* PlantModel.swift */,
				721426E129EE253100EFBBCF /* GardenModel.swift */,
			);
			path = Models;
			sourceTree = "<group>";
		};
		728AE32229ECDDE800AE5D18 /* ViewModels */ = {
			isa = PBXGroup;
			children = (
				7258D0C329EB3D7F00D52487 /* PlantViewModel.swift */,
			);
			path = ViewModels;
			sourceTree = "<group>";
		};
		72AB9F1529E8A6740016AB44 = {
			isa = PBXGroup;
			children = (
				72AB9F2029E8A6740016AB44 /* Sprouter */,
				72AB9F1F29E8A6740016AB44 /* Products */,
				7258D0C729EB4BA900D52487 /* Frameworks */,
			);
			sourceTree = "<group>";
		};
		72AB9F1F29E8A6740016AB44 /* Products */ = {
			isa = PBXGroup;
			children = (
				72AB9F1E29E8A6740016AB44 /* Sprouter.app */,
			);
			name = Products;
			sourceTree = "<group>";
		};
		72AB9F2029E8A6740016AB44 /* Sprouter */ = {
			isa = PBXGroup;
			children = (
				72AB9F2129E8A6740016AB44 /* SprouterApp.swift */,
				728AE32029ECDDC200AE5D18 /* Views */,
				728AE32129ECDDDC00AE5D18 /* Models */,
				728AE32229ECDDE800AE5D18 /* ViewModels */,
				72AB9F2F29E8AA7A0016AB44 /* GoogleService-Info.plist */,
				72AB9F2529E8A6990016AB44 /* Assets.xcassets */,
				72AB9F2729E8A6990016AB44 /* Preview Content */,
				7258D0C529EB3DAA00D52487 /* PlantDetail.swift */,
			);
			path = Sprouter;
			sourceTree = "<group>";
		};
		72AB9F2729E8A6990016AB44 /* Preview Content */ = {
			isa = PBXGroup;
			children = (
				72AB9F2829E8A6990016AB44 /* Preview Assets.xcassets */,
			);
			path = "Preview Content";
			sourceTree = "<group>";
		};
/* End PBXGroup section */

/* Begin PBXNativeTarget section */
		72AB9F1D29E8A6740016AB44 /* Sprouter */ = {
			isa = PBXNativeTarget;
			buildConfigurationList = 72AB9F2C29E8A6990016AB44 /* Build configuration list for PBXNativeTarget "Sprouter" */;
			buildPhases = (
				72AB9F1A29E8A6740016AB44 /* Sources */,
				72AB9F1B29E8A6740016AB44 /* Frameworks */,
				72AB9F1C29E8A6740016AB44 /* Resources */,
			);
			buildRules = (
			);
			dependencies = (
			);
			name = Sprouter;
			packageProductDependencies = (
				72AB9F3229E8AB1F0016AB44 /* FirebaseAnalyticsWithoutAdIdSupport */,
				72AB9F3429E8AB1F0016AB44 /* FirebaseFirestore */,
				72AB9F3629E8AB1F0016AB44 /* FirebaseFirestoreSwift */,
				7258D0C829EB4BA900D52487 /* FirebaseAuth */,
				7258D0CA29EB4C0F00D52487 /* FirebaseStorage */,
			);
			productName = Sprouter;
			productReference = 72AB9F1E29E8A6740016AB44 /* Sprouter.app */;
			productType = "com.apple.product-type.application";
		};
/* End PBXNativeTarget section */

/* Begin PBXProject section */
		72AB9F1629E8A6740016AB44 /* Project object */ = {
			isa = PBXProject;
			attributes = {
				BuildIndependentTargetsInParallel = 1;
				LastSwiftUpdateCheck = 1430;
				LastUpgradeCheck = 1430;
				TargetAttributes = {
					72AB9F1D29E8A6740016AB44 = {
						CreatedOnToolsVersion = 14.3;
					};
				};
			};
			buildConfigurationList = 72AB9F1929E8A6740016AB44 /* Build configuration list for PBXProject "Sprouter" */;
			compatibilityVersion = "Xcode 14.0";
			developmentRegion = en;
			hasScannedForEncodings = 0;
			knownRegions = (
				en,
				Base,
			);
			mainGroup = 72AB9F1529E8A6740016AB44;
			packageReferences = (
				72AB9F3129E8AB1E0016AB44 /* XCRemoteSwiftPackageReference "firebase-ios-sdk" */,
			);
			productRefGroup = 72AB9F1F29E8A6740016AB44 /* Products */;
			projectDirPath = "";
			projectRoot = "";
			targets = (
				72AB9F1D29E8A6740016AB44 /* Sprouter */,
			);
		};
/* End PBXProject section */

/* Begin PBXResourcesBuildPhase section */
		72AB9F1C29E8A6740016AB44 /* Resources */ = {
			isa = PBXResourcesBuildPhase;
			buildActionMask = 2147483647;
			files = (
				72AB9F2929E8A6990016AB44 /* Preview Assets.xcassets in Resources */,
				72AB9F2629E8A6990016AB44 /* Assets.xcassets in Resources */,
				72AB9F3029E8AA7B0016AB44 /* GoogleService-Info.plist in Resources */,
			);
			runOnlyForDeploymentPostprocessing = 0;
		};
/* End PBXResourcesBuildPhase section */

/* Begin PBXSourcesBuildPhase section */
		72AB9F1A29E8A6740016AB44 /* Sources */ = {
			isa = PBXSourcesBuildPhase;
			buildActionMask = 2147483647;
			files = (
				721426E229EE253100EFBBCF /* GardenModel.swift in Sources */,
				72AB9F2429E8A6740016AB44 /* ContentView.swift in Sources */,
				72EDC3FC29EB168D00A46256 /* PlantModel.swift in Sources */,
				7258D0C429EB3D7F00D52487 /* PlantViewModel.swift in Sources */,
				7258D0C629EB3DAA00D52487 /* PlantDetail.swift in Sources */,
				728AE32429ECDE0E00AE5D18 /* AsyncImageView.swift in Sources */,
				72AB9F2229E8A6740016AB44 /* SprouterApp.swift in Sources */,
			);
			runOnlyForDeploymentPostprocessing = 0;
		};
/* End PBXSourcesBuildPhase section */

/* Begin XCBuildConfiguration section */
		72AB9F2A29E8A6990016AB44 /* Debug */ = {
			isa = XCBuildConfiguration;
			buildSettings = {
				ALWAYS_SEARCH_USER_PATHS = NO;
				CLANG_ANALYZER_NONNULL = YES;
				CLANG_ANALYZER_NUMBER_OBJECT_CONVERSION = YES_AGGRESSIVE;
				CLANG_CXX_LANGUAGE_STANDARD = "gnu++20";
				CLANG_ENABLE_MODULES = YES;
				CLANG_ENABLE_OBJC_ARC = YES;
				CLANG_ENABLE_OBJC_WEAK = YES;
				CLANG_WARN_BLOCK_CAPTURE_AUTORELEASING = YES;
				CLANG_WARN_BOOL_CONVERSION = YES;
				CLANG_WARN_COMMA = YES;
				CLANG_WARN_CONSTANT_CONVERSION = YES;
				CLANG_WARN_DEPRECATED_OBJC_IMPLEMENTATIONS = YES;
				CLANG_WARN_DIRECT_OBJC_ISA_USAGE = YES_ERROR;
				CLANG_WARN_DOCUMENTATION_COMMENTS = YES;
				CLANG_WARN_EMPTY_BODY = YES;
				CLANG_WARN_ENUM_CONVERSION = YES;
				CLANG_WARN_INFINITE_RECURSION = YES;
				CLANG_WARN_INT_CONVERSION = YES;
				CLANG_WARN_NON_LITERAL_NULL_CONVERSION = YES;
				CLANG_WARN_OBJC_IMPLICIT_RETAIN_SELF = YES;
				CLANG_WARN_OBJC_LITERAL_CONVERSION = YES;
				CLANG_WARN_OBJC_ROOT_CLASS = YES_ERROR;
				CLANG_WARN_QUOTED_INCLUDE_IN_FRAMEWORK_HEADER = YES;
				CLANG_WARN_RANGE_LOOP_ANALYSIS = YES;
				CLANG_WARN_STRICT_PROTOTYPES = YES;
				CLANG_WARN_SUSPICIOUS_MOVE = YES;
				CLANG_WARN_UNGUARDED_AVAILABILITY = YES_AGGRESSIVE;
				CLANG_WARN_UNREACHABLE_CODE = YES;
				CLANG_WARN__DUPLICATE_METHOD_MATCH = YES;
				COPY_PHASE_STRIP = NO;
				DEBUG_INFORMATION_FORMAT = dwarf;
				ENABLE_STRICT_OBJC_MSGSEND = YES;
				ENABLE_TESTABILITY = YES;
				GCC_C_LANGUAGE_STANDARD = gnu11;
				GCC_DYNAMIC_NO_PIC = NO;
				GCC_NO_COMMON_BLOCKS = YES;
				GCC_OPTIMIZATION_LEVEL = 0;
				GCC_PREPROCESSOR_DEFINITIONS = (
					"DEBUG=1",
					"$(inherited)",
				);
				GCC_WARN_64_TO_32_BIT_CONVERSION = YES;
				GCC_WARN_ABOUT_RETURN_TYPE = YES_ERROR;
				GCC_WARN_UNDECLARED_SELECTOR = YES;
				GCC_WARN_UNINITIALIZED_AUTOS = YES_AGGRESSIVE;
				GCC_WARN_UNUSED_FUNCTION = YES;
				GCC_WARN_UNUSED_VARIABLE = YES;
				IPHONEOS_DEPLOYMENT_TARGET = 16.4;
				MTL_ENABLE_DEBUG_INFO = INCLUDE_SOURCE;
				MTL_FAST_MATH = YES;
				ONLY_ACTIVE_ARCH = YES;
				SDKROOT = iphoneos;
				SWIFT_ACTIVE_COMPILATION_CONDITIONS = DEBUG;
				SWIFT_OPTIMIZATION_LEVEL = "-Onone";
			};
			name = Debug;
		};
		72AB9F2B29E8A6990016AB44 /* Release */ = {
			isa = XCBuildConfiguration;
			buildSettings = {
				ALWAYS_SEARCH_USER_PATHS = NO;
				CLANG_ANALYZER_NONNULL = YES;
				CLANG_ANALYZER_NUMBER_OBJECT_CONVERSION = YES_AGGRESSIVE;
				CLANG_CXX_LANGUAGE_STANDARD = "gnu++20";
				CLANG_ENABLE_MODULES = YES;
				CLANG_ENABLE_OBJC_ARC = YES;
				CLANG_ENABLE_OBJC_WEAK = YES;
				CLANG_WARN_BLOCK_CAPTURE_AUTORELEASING = YES;
				CLANG_WARN_BOOL_CONVERSION = YES;
				CLANG_WARN_COMMA = YES;
				CLANG_WARN_CONSTANT_CONVERSION = YES;
				CLANG_WARN_DEPRECATED_OBJC_IMPLEMENTATIONS = YES;
				CLANG_WARN_DIRECT_OBJC_ISA_USAGE = YES_ERROR;
				CLANG_WARN_DOCUMENTATION_COMMENTS = YES;
				CLANG_WARN_EMPTY_BODY = YES;
				CLANG_WARN_ENUM_CONVERSION = YES;
				CLANG_WARN_INFINITE_RECURSION = YES;
				CLANG_WARN_INT_CONVERSION = YES;
				CLANG_WARN_NON_LITERAL_NULL_CONVERSION = YES;
				CLANG_WARN_OBJC_IMPLICIT_RETAIN_SELF = YES;
				CLANG_WARN_OBJC_LITERAL_CONVERSION = YES;
				CLANG_WARN_OBJC_ROOT_CLASS = YES_ERROR;
				CLANG_WARN_QUOTED_INCLUDE_IN_FRAMEWORK_HEADER = YES;
				CLANG_WARN_RANGE_LOOP_ANALYSIS = YES;
				CLANG_WARN_STRICT_PROTOTYPES = YES;
				CLANG_WARN_SUSPICIOUS_MOVE = YES;
				CLANG_WARN_UNGUARDED_AVAILABILITY = YES_AGGRESSIVE;
				CLANG_WARN_UNREACHABLE_CODE = YES;
				CLANG_WARN__DUPLICATE_METHOD_MATCH = YES;
				COPY_PHASE_STRIP = NO;
				DEBUG_INFORMATION_FORMAT = "dwarf-with-dsym";
				ENABLE_NS_ASSERTIONS = NO;
				ENABLE_STRICT_OBJC_MSGSEND = YES;
				GCC_C_LANGUAGE_STANDARD = gnu11;
				GCC_NO_COMMON_BLOCKS = YES;
				GCC_WARN_64_TO_32_BIT_CONVERSION = YES;
				GCC_WARN_ABOUT_RETURN_TYPE = YES_ERROR;
				GCC_WARN_UNDECLARED_SELECTOR = YES;
				GCC_WARN_UNINITIALIZED_AUTOS = YES_AGGRESSIVE;
				GCC_WARN_UNUSED_FUNCTION = YES;
				GCC_WARN_UNUSED_VARIABLE = YES;
				IPHONEOS_DEPLOYMENT_TARGET = 16.4;
				MTL_ENABLE_DEBUG_INFO = NO;
				MTL_FAST_MATH = YES;
				SDKROOT = iphoneos;
				SWIFT_COMPILATION_MODE = wholemodule;
				SWIFT_OPTIMIZATION_LEVEL = "-O";
				VALIDATE_PRODUCT = YES;
			};
			name = Release;
		};
		72AB9F2D29E8A6990016AB44 /* Debug */ = {
			isa = XCBuildConfiguration;
			buildSettings = {
				ASSETCATALOG_COMPILER_APPICON_NAME = AppIcon;
				ASSETCATALOG_COMPILER_GLOBAL_ACCENT_COLOR_NAME = AccentColor;
				CODE_SIGN_STYLE = Automatic;
				CURRENT_PROJECT_VERSION = 1;
				DEVELOPMENT_ASSET_PATHS = "\"Sprouter/Preview Content\"";
				ENABLE_PREVIEWS = YES;
				GENERATE_INFOPLIST_FILE = YES;
				INFOPLIST_KEY_UIApplicationSceneManifest_Generation = YES;
				INFOPLIST_KEY_UIApplicationSupportsIndirectInputEvents = YES;
				INFOPLIST_KEY_UILaunchScreen_Generation = YES;
				INFOPLIST_KEY_UISupportedInterfaceOrientations_iPad = "UIInterfaceOrientationPortrait UIInterfaceOrientationPortraitUpsideDown UIInterfaceOrientationLandscapeLeft UIInterfaceOrientationLandscapeRight";
				INFOPLIST_KEY_UISupportedInterfaceOrientations_iPhone = "UIInterfaceOrientationPortrait UIInterfaceOrientationLandscapeLeft UIInterfaceOrientationLandscapeRight";
				LD_RUNPATH_SEARCH_PATHS = (
					"$(inherited)",
					"@executable_path/Frameworks",
				);
				MARKETING_VERSION = 1.0;
				PRODUCT_BUNDLE_IDENTIFIER = org.halsuisseo.Sprouter;
				PRODUCT_NAME = "$(TARGET_NAME)";
				SWIFT_EMIT_LOC_STRINGS = YES;
				SWIFT_VERSION = 5.0;
				TARGETED_DEVICE_FAMILY = "1,2";
			};
			name = Debug;
		};
		72AB9F2E29E8A6990016AB44 /* Release */ = {
			isa = XCBuildConfiguration;
			buildSettings = {
				ASSETCATALOG_COMPILER_APPICON_NAME = AppIcon;
				ASSETCATALOG_COMPILER_GLOBAL_ACCENT_COLOR_NAME = AccentColor;
				CODE_SIGN_STYLE = Automatic;
				CURRENT_PROJECT_VERSION = 1;
				DEVELOPMENT_ASSET_PATHS = "\"Sprouter/Preview Content\"";
				ENABLE_PREVIEWS = YES;
				GENERATE_INFOPLIST_FILE = YES;
				INFOPLIST_KEY_UIApplicationSceneManifest_Generation = YES;
				INFOPLIST_KEY_UIApplicationSupportsIndirectInputEvents = YES;
				INFOPLIST_KEY_UILaunchScreen_Generation = YES;
				INFOPLIST_KEY_UISupportedInterfaceOrientations_iPad = "UIInterfaceOrientationPortrait UIInterfaceOrientationPortraitUpsideDown UIInterfaceOrientationLandscapeLeft UIInterfaceOrientationLandscapeRight";
				INFOPLIST_KEY_UISupportedInterfaceOrientations_iPhone = "UIInterfaceOrientationPortrait UIInterfaceOrientationLandscapeLeft UIInterfaceOrientationLandscapeRight";
				LD_RUNPATH_SEARCH_PATHS = (
					"$(inherited)",
					"@executable_path/Frameworks",
				);
				MARKETING_VERSION = 1.0;
				PRODUCT_BUNDLE_IDENTIFIER = org.halsuisseo.Sprouter;
				PRODUCT_NAME = "$(TARGET_NAME)";
				SWIFT_EMIT_LOC_STRINGS = YES;
				SWIFT_VERSION = 5.0;
				TARGETED_DEVICE_FAMILY = "1,2";
			};
			name = Release;
		};
/* End XCBuildConfiguration section */

/* Begin XCConfigurationList section */
		72AB9F1929E8A6740016AB44 /* Build configuration list for PBXProject "Sprouter" */ = {
			isa = XCConfigurationList;
			buildConfigurations = (
				72AB9F2A29E8A6990016AB44 /* Debug */,
				72AB9F2B29E8A6990016AB44 /* Release */,
			);
			defaultConfigurationIsVisible = 0;
			defaultConfigurationName = Release;
		};
		72AB9F2C29E8A6990016AB44 /* Build configuration list for PBXNativeTarget "Sprouter" */ = {
			isa = XCConfigurationList;
			buildConfigurations = (
				72AB9F2D29E8A6990016AB44 /* Debug */,
				72AB9F2E29E8A6990016AB44 /* Release */,
			);
			defaultConfigurationIsVisible = 0;
			defaultConfigurationName = Release;
		};
/* End XCConfigurationList section */

/* Begin XCRemoteSwiftPackageReference section */
		72AB9F3129E8AB1E0016AB44 /* XCRemoteSwiftPackageReference "firebase-ios-sdk" */ = {
			isa = XCRemoteSwiftPackageReference;
			repositoryURL = "https://github.com/firebase/firebase-ios-sdk";
			requirement = {
				kind = upToNextMajorVersion;
				minimumVersion = 10.0.0;
			};
		};
/* End XCRemoteSwiftPackageReference section */

/* Begin XCSwiftPackageProductDependency section */
		7258D0C829EB4BA900D52487 /* FirebaseAuth */ = {
			isa = XCSwiftPackageProductDependency;
			package = 72AB9F3129E8AB1E0016AB44 /* XCRemoteSwiftPackageReference "firebase-ios-sdk" */;
			productName = FirebaseAuth;
		};
		7258D0CA29EB4C0F00D52487 /* FirebaseStorage */ = {
			isa = XCSwiftPackageProductDependency;
			package = 72AB9F3129E8AB1E0016AB44 /* XCRemoteSwiftPackageReference "firebase-ios-sdk" */;
			productName = FirebaseStorage;
		};
		72AB9F3229E8AB1F0016AB44 /* FirebaseAnalyticsWithoutAdIdSupport */ = {
			isa = XCSwiftPackageProductDependency;
			package = 72AB9F3129E8AB1E0016AB44 /* XCRemoteSwiftPackageReference "firebase-ios-sdk" */;
			productName = FirebaseAnalyticsWithoutAdIdSupport;
		};
		72AB9F3429E8AB1F0016AB44 /* FirebaseFirestore */ = {
			isa = XCSwiftPackageProductDependency;
			package = 72AB9F3129E8AB1E0016AB44 /* XCRemoteSwiftPackageReference "firebase-ios-sdk" */;
			productName = FirebaseFirestore;
		};
		72AB9F3629E8AB1F0016AB44 /* FirebaseFirestoreSwift */ = {
			isa = XCSwiftPackageProductDependency;
			package = 72AB9F3129E8AB1E0016AB44 /* XCRemoteSwiftPackageReference "firebase-ios-sdk" */;
			productName = FirebaseFirestoreSwift;
		};
/* End XCSwiftPackageProductDependency section */
	};
	rootObject = 72AB9F1629E8A6740016AB44 /* Project object */;
}
